// !$*UTF8*$!
{
	archiveVersion = 1;
	classes = {
	};
	objectVersion = 56;
	objects = {

/* Begin PBXBuildFile section */
		923B591D2BB12E9C00537676 /* AppDelegate.swift in Sources */ = {isa = PBXBuildFile; fileRef = 923B591C2BB12E9C00537676 /* AppDelegate.swift */; };
		923B591F2BB12E9C00537676 /* SceneDelegate.swift in Sources */ = {isa = PBXBuildFile; fileRef = 923B591E2BB12E9C00537676 /* SceneDelegate.swift */; };
		923B59262BB12E9F00537676 /* Assets.xcassets in Resources */ = {isa = PBXBuildFile; fileRef = 923B59252BB12E9F00537676 /* Assets.xcassets */; };
		923B59292BB12E9F00537676 /* LaunchScreen.storyboard in Resources */ = {isa = PBXBuildFile; fileRef = 923B59272BB12E9F00537676 /* LaunchScreen.storyboard */; };
		923B59342BB12EA000537676 /* BanqueMisr_TMDBTests.swift in Sources */ = {isa = PBXBuildFile; fileRef = 923B59332BB12EA000537676 /* BanqueMisr_TMDBTests.swift */; };
		923B593E2BB12EA000537676 /* BanqueMisr_TMDBUITests.swift in Sources */ = {isa = PBXBuildFile; fileRef = 923B593D2BB12EA000537676 /* BanqueMisr_TMDBUITests.swift */; };
		923B59402BB12EA000537676 /* BanqueMisr_TMDBUITestsLaunchTests.swift in Sources */ = {isa = PBXBuildFile; fileRef = 923B593F2BB12EA000537676 /* BanqueMisr_TMDBUITestsLaunchTests.swift */; };
		923B59512BB1AC3900537676 /* EndPoint.swift in Sources */ = {isa = PBXBuildFile; fileRef = 923B59502BB1AC3900537676 /* EndPoint.swift */; };
		923B59532BB1AC7F00537676 /* DataTransferService.swift in Sources */ = {isa = PBXBuildFile; fileRef = 923B59522BB1AC7F00537676 /* DataTransferService.swift */; };
		923B59552BB1AE3000537676 /* DefaultNetwork.swift in Sources */ = {isa = PBXBuildFile; fileRef = 923B59542BB1AE3000537676 /* DefaultNetwork.swift */; };
		923B59572BB1B3B700537676 /* DefaultSessionManager.swift in Sources */ = {isa = PBXBuildFile; fileRef = 923B59562BB1B3B700537676 /* DefaultSessionManager.swift */; };
		923B595B2BB1B42200537676 /* NetworkError.swift in Sources */ = {isa = PBXBuildFile; fileRef = 923B595A2BB1B42200537676 /* NetworkError.swift */; };
		923B595D2BB1B7B900537676 /* NetworkConfig.swift in Sources */ = {isa = PBXBuildFile; fileRef = 923B595C2BB1B7B900537676 /* NetworkConfig.swift */; };
		923B59612BB1E14D00537676 /* DataTransferError.swift in Sources */ = {isa = PBXBuildFile; fileRef = 923B59602BB1E14D00537676 /* DataTransferError.swift */; };
		923B59632BB1E54900537676 /* JsonResponseDecoder.swift in Sources */ = {isa = PBXBuildFile; fileRef = 923B59622BB1E54900537676 /* JsonResponseDecoder.swift */; };
		923B59672BB2038400537676 /* AppConfigurations.swift in Sources */ = {isa = PBXBuildFile; fileRef = 923B59662BB2038400537676 /* AppConfigurations.swift */; };
		923B596C2BB209C800537676 /* AppDIContainer.swift in Sources */ = {isa = PBXBuildFile; fileRef = 923B596B2BB209C800537676 /* AppDIContainer.swift */; };
		923B596E2BB20D0200537676 /* MoviesTabBarDIContainer.swift in Sources */ = {isa = PBXBuildFile; fileRef = 923B596D2BB20D0200537676 /* MoviesTabBarDIContainer.swift */; };
		923B59772BB2138F00537676 /* UpcomingMoviesViewController.swift in Sources */ = {isa = PBXBuildFile; fileRef = 923B59752BB2138F00537676 /* UpcomingMoviesViewController.swift */; };
		923B59782BB2138F00537676 /* UpcomingMoviesViewController.xib in Resources */ = {isa = PBXBuildFile; fileRef = 923B59762BB2138F00537676 /* UpcomingMoviesViewController.xib */; };
		923B597B2BB2139B00537676 /* PopularMoviesViewController.swift in Sources */ = {isa = PBXBuildFile; fileRef = 923B59792BB2139B00537676 /* PopularMoviesViewController.swift */; };
		923B597C2BB2139B00537676 /* PopularMoviesViewController.xib in Resources */ = {isa = PBXBuildFile; fileRef = 923B597A2BB2139B00537676 /* PopularMoviesViewController.xib */; };
		923B597F2BB213A500537676 /* NowPlayingViewController.swift in Sources */ = {isa = PBXBuildFile; fileRef = 923B597D2BB213A500537676 /* NowPlayingViewController.swift */; };
		923B59802BB213A500537676 /* NowPlayingViewController.xib in Resources */ = {isa = PBXBuildFile; fileRef = 923B597E2BB213A500537676 /* NowPlayingViewController.xib */; };
		923B59852BB220AE00537676 /* AppTabBarController.swift in Sources */ = {isa = PBXBuildFile; fileRef = 923B59842BB220AE00537676 /* AppTabBarController.swift */; };
		923B598F2BB23A7D00537676 /* Alertable.swift in Sources */ = {isa = PBXBuildFile; fileRef = 923B598E2BB23A7D00537676 /* Alertable.swift */; };
		923B59962BB23D8600537676 /* MovieResponseDTO.swift in Sources */ = {isa = PBXBuildFile; fileRef = 923B59952BB23D8600537676 /* MovieResponseDTO.swift */; };
		923B59982BB23E3E00537676 /* MovieRequestDTO.swift in Sources */ = {isa = PBXBuildFile; fileRef = 923B59972BB23E3E00537676 /* MovieRequestDTO.swift */; };
		923B599A2BB23E6B00537676 /* Movie.swift in Sources */ = {isa = PBXBuildFile; fileRef = 923B59992BB23E6B00537676 /* Movie.swift */; };
		923B599D2BB23F2B00537676 /* Extension + String.swift in Sources */ = {isa = PBXBuildFile; fileRef = 923B599C2BB23F2B00537676 /* Extension + String.swift */; };
		923B59A12BB241F100537676 /* MoviesRepository.swift in Sources */ = {isa = PBXBuildFile; fileRef = 923B59A02BB241F100537676 /* MoviesRepository.swift */; };
		923B59A62BB2457300537676 /* DefaultMoviesRepository.swift in Sources */ = {isa = PBXBuildFile; fileRef = 923B59A52BB2457300537676 /* DefaultMoviesRepository.swift */; };
		923B59A92BB2470B00537676 /* APIEndpoints.swift in Sources */ = {isa = PBXBuildFile; fileRef = 923B59A82BB2470B00537676 /* APIEndpoints.swift */; };
		923B59AC2BB24BBF00537676 /* MoviesListUseCase.swift in Sources */ = {isa = PBXBuildFile; fileRef = 923B59AB2BB24BBF00537676 /* MoviesListUseCase.swift */; };
		923B59AE2BB26E7700537676 /* NowPlayingViewModel.swift in Sources */ = {isa = PBXBuildFile; fileRef = 923B59AD2BB26E7700537676 /* NowPlayingViewModel.swift */; };
		923B59B02BB3364A00537676 /* MovieListItemViewModel.swift in Sources */ = {isa = PBXBuildFile; fileRef = 923B59AF2BB3364A00537676 /* MovieListItemViewModel.swift */; };
		923B59BB2BB3539200537676 /* MovieTableViewCell.swift in Sources */ = {isa = PBXBuildFile; fileRef = 923B59B92BB3539200537676 /* MovieTableViewCell.swift */; };
		923B59BC2BB3539200537676 /* MovieTableViewCell.xib in Resources */ = {isa = PBXBuildFile; fileRef = 923B59BA2BB3539200537676 /* MovieTableViewCell.xib */; };
		923B59C12BB3613600537676 /* FetchImageRepository.swift in Sources */ = {isa = PBXBuildFile; fileRef = 923B59C02BB3613600537676 /* FetchImageRepository.swift */; };
		923B59C32BB3619400537676 /* DefaultFetchImageRepository.swift in Sources */ = {isa = PBXBuildFile; fileRef = 923B59C22BB3619400537676 /* DefaultFetchImageRepository.swift */; };
		923B59C52BB361F700537676 /* DataResponseDecoder.swift in Sources */ = {isa = PBXBuildFile; fileRef = 923B59C42BB361F700537676 /* DataResponseDecoder.swift */; };
		923B59C82BB3759600537676 /* ImageCacheManager.swift in Sources */ = {isa = PBXBuildFile; fileRef = 923B59C72BB3759600537676 /* ImageCacheManager.swift */; };
/* End PBXBuildFile section */

/* Begin PBXContainerItemProxy section */
		923B59302BB12E9F00537676 /* PBXContainerItemProxy */ = {
			isa = PBXContainerItemProxy;
			containerPortal = 923B59112BB12E9C00537676 /* Project object */;
			proxyType = 1;
			remoteGlobalIDString = 923B59182BB12E9C00537676;
			remoteInfo = "BanqueMisr-TMDB";
		};
		923B593A2BB12EA000537676 /* PBXContainerItemProxy */ = {
			isa = PBXContainerItemProxy;
			containerPortal = 923B59112BB12E9C00537676 /* Project object */;
			proxyType = 1;
			remoteGlobalIDString = 923B59182BB12E9C00537676;
			remoteInfo = "BanqueMisr-TMDB";
		};
/* End PBXContainerItemProxy section */

/* Begin PBXFileReference section */
		923B59192BB12E9C00537676 /* BanqueMisr-TMDB.app */ = {isa = PBXFileReference; explicitFileType = wrapper.application; includeInIndex = 0; path = "BanqueMisr-TMDB.app"; sourceTree = BUILT_PRODUCTS_DIR; };
		923B591C2BB12E9C00537676 /* AppDelegate.swift */ = {isa = PBXFileReference; lastKnownFileType = sourcecode.swift; path = AppDelegate.swift; sourceTree = "<group>"; };
		923B591E2BB12E9C00537676 /* SceneDelegate.swift */ = {isa = PBXFileReference; lastKnownFileType = sourcecode.swift; path = SceneDelegate.swift; sourceTree = "<group>"; };
		923B59252BB12E9F00537676 /* Assets.xcassets */ = {isa = PBXFileReference; lastKnownFileType = folder.assetcatalog; path = Assets.xcassets; sourceTree = "<group>"; };
		923B59282BB12E9F00537676 /* Base */ = {isa = PBXFileReference; lastKnownFileType = file.storyboard; name = Base; path = Base.lproj/LaunchScreen.storyboard; sourceTree = "<group>"; };
		923B592A2BB12E9F00537676 /* Info.plist */ = {isa = PBXFileReference; lastKnownFileType = text.plist.xml; path = Info.plist; sourceTree = "<group>"; };
		923B592F2BB12E9F00537676 /* BanqueMisr-TMDBTests.xctest */ = {isa = PBXFileReference; explicitFileType = wrapper.cfbundle; includeInIndex = 0; path = "BanqueMisr-TMDBTests.xctest"; sourceTree = BUILT_PRODUCTS_DIR; };
		923B59332BB12EA000537676 /* BanqueMisr_TMDBTests.swift */ = {isa = PBXFileReference; lastKnownFileType = sourcecode.swift; path = BanqueMisr_TMDBTests.swift; sourceTree = "<group>"; };
		923B59392BB12EA000537676 /* BanqueMisr-TMDBUITests.xctest */ = {isa = PBXFileReference; explicitFileType = wrapper.cfbundle; includeInIndex = 0; path = "BanqueMisr-TMDBUITests.xctest"; sourceTree = BUILT_PRODUCTS_DIR; };
		923B593D2BB12EA000537676 /* BanqueMisr_TMDBUITests.swift */ = {isa = PBXFileReference; lastKnownFileType = sourcecode.swift; path = BanqueMisr_TMDBUITests.swift; sourceTree = "<group>"; };
		923B593F2BB12EA000537676 /* BanqueMisr_TMDBUITestsLaunchTests.swift */ = {isa = PBXFileReference; lastKnownFileType = sourcecode.swift; path = BanqueMisr_TMDBUITestsLaunchTests.swift; sourceTree = "<group>"; };
		923B59502BB1AC3900537676 /* EndPoint.swift */ = {isa = PBXFileReference; lastKnownFileType = sourcecode.swift; path = EndPoint.swift; sourceTree = "<group>"; };
		923B59522BB1AC7F00537676 /* DataTransferService.swift */ = {isa = PBXFileReference; lastKnownFileType = sourcecode.swift; path = DataTransferService.swift; sourceTree = "<group>"; };
		923B59542BB1AE3000537676 /* DefaultNetwork.swift */ = {isa = PBXFileReference; lastKnownFileType = sourcecode.swift; path = DefaultNetwork.swift; sourceTree = "<group>"; };
		923B59562BB1B3B700537676 /* DefaultSessionManager.swift */ = {isa = PBXFileReference; lastKnownFileType = sourcecode.swift; path = DefaultSessionManager.swift; sourceTree = "<group>"; };
		923B595A2BB1B42200537676 /* NetworkError.swift */ = {isa = PBXFileReference; lastKnownFileType = sourcecode.swift; path = NetworkError.swift; sourceTree = "<group>"; };
		923B595C2BB1B7B900537676 /* NetworkConfig.swift */ = {isa = PBXFileReference; lastKnownFileType = sourcecode.swift; path = NetworkConfig.swift; sourceTree = "<group>"; };
		923B59602BB1E14D00537676 /* DataTransferError.swift */ = {isa = PBXFileReference; lastKnownFileType = sourcecode.swift; path = DataTransferError.swift; sourceTree = "<group>"; };
		923B59622BB1E54900537676 /* JsonResponseDecoder.swift */ = {isa = PBXFileReference; lastKnownFileType = sourcecode.swift; path = JsonResponseDecoder.swift; sourceTree = "<group>"; };
		923B59662BB2038400537676 /* AppConfigurations.swift */ = {isa = PBXFileReference; lastKnownFileType = sourcecode.swift; path = AppConfigurations.swift; sourceTree = "<group>"; };
		923B596B2BB209C800537676 /* AppDIContainer.swift */ = {isa = PBXFileReference; lastKnownFileType = sourcecode.swift; path = AppDIContainer.swift; sourceTree = "<group>"; };
		923B596D2BB20D0200537676 /* MoviesTabBarDIContainer.swift */ = {isa = PBXFileReference; lastKnownFileType = sourcecode.swift; path = MoviesTabBarDIContainer.swift; sourceTree = "<group>"; };
		923B59752BB2138F00537676 /* UpcomingMoviesViewController.swift */ = {isa = PBXFileReference; lastKnownFileType = sourcecode.swift; path = UpcomingMoviesViewController.swift; sourceTree = "<group>"; };
		923B59762BB2138F00537676 /* UpcomingMoviesViewController.xib */ = {isa = PBXFileReference; lastKnownFileType = file.xib; path = UpcomingMoviesViewController.xib; sourceTree = "<group>"; };
		923B59792BB2139B00537676 /* PopularMoviesViewController.swift */ = {isa = PBXFileReference; lastKnownFileType = sourcecode.swift; path = PopularMoviesViewController.swift; sourceTree = "<group>"; };
		923B597A2BB2139B00537676 /* PopularMoviesViewController.xib */ = {isa = PBXFileReference; lastKnownFileType = file.xib; path = PopularMoviesViewController.xib; sourceTree = "<group>"; };
		923B597D2BB213A500537676 /* NowPlayingViewController.swift */ = {isa = PBXFileReference; lastKnownFileType = sourcecode.swift; path = NowPlayingViewController.swift; sourceTree = "<group>"; };
		923B597E2BB213A500537676 /* NowPlayingViewController.xib */ = {isa = PBXFileReference; lastKnownFileType = file.xib; path = NowPlayingViewController.xib; sourceTree = "<group>"; };
		923B59842BB220AE00537676 /* AppTabBarController.swift */ = {isa = PBXFileReference; lastKnownFileType = sourcecode.swift; path = AppTabBarController.swift; sourceTree = "<group>"; };
		923B598E2BB23A7D00537676 /* Alertable.swift */ = {isa = PBXFileReference; lastKnownFileType = sourcecode.swift; path = Alertable.swift; sourceTree = "<group>"; };
		923B59952BB23D8600537676 /* MovieResponseDTO.swift */ = {isa = PBXFileReference; lastKnownFileType = sourcecode.swift; path = MovieResponseDTO.swift; sourceTree = "<group>"; };
		923B59972BB23E3E00537676 /* MovieRequestDTO.swift */ = {isa = PBXFileReference; lastKnownFileType = sourcecode.swift; path = MovieRequestDTO.swift; sourceTree = "<group>"; };
		923B59992BB23E6B00537676 /* Movie.swift */ = {isa = PBXFileReference; lastKnownFileType = sourcecode.swift; path = Movie.swift; sourceTree = "<group>"; };
		923B599C2BB23F2B00537676 /* Extension + String.swift */ = {isa = PBXFileReference; lastKnownFileType = sourcecode.swift; path = "Extension + String.swift"; sourceTree = "<group>"; };
		923B59A02BB241F100537676 /* MoviesRepository.swift */ = {isa = PBXFileReference; lastKnownFileType = sourcecode.swift; path = MoviesRepository.swift; sourceTree = "<group>"; };
		923B59A52BB2457300537676 /* DefaultMoviesRepository.swift */ = {isa = PBXFileReference; lastKnownFileType = sourcecode.swift; path = DefaultMoviesRepository.swift; sourceTree = "<group>"; };
		923B59A82BB2470B00537676 /* APIEndpoints.swift */ = {isa = PBXFileReference; lastKnownFileType = sourcecode.swift; path = APIEndpoints.swift; sourceTree = "<group>"; };
		923B59AB2BB24BBF00537676 /* MoviesListUseCase.swift */ = {isa = PBXFileReference; lastKnownFileType = sourcecode.swift; path = MoviesListUseCase.swift; sourceTree = "<group>"; };
		923B59AD2BB26E7700537676 /* NowPlayingViewModel.swift */ = {isa = PBXFileReference; lastKnownFileType = sourcecode.swift; path = NowPlayingViewModel.swift; sourceTree = "<group>"; };
		923B59AF2BB3364A00537676 /* MovieListItemViewModel.swift */ = {isa = PBXFileReference; lastKnownFileType = sourcecode.swift; path = MovieListItemViewModel.swift; sourceTree = "<group>"; };
		923B59B92BB3539200537676 /* MovieTableViewCell.swift */ = {isa = PBXFileReference; lastKnownFileType = sourcecode.swift; path = MovieTableViewCell.swift; sourceTree = "<group>"; };
		923B59BA2BB3539200537676 /* MovieTableViewCell.xib */ = {isa = PBXFileReference; lastKnownFileType = file.xib; path = MovieTableViewCell.xib; sourceTree = "<group>"; };
		923B59C02BB3613600537676 /* FetchImageRepository.swift */ = {isa = PBXFileReference; lastKnownFileType = sourcecode.swift; path = FetchImageRepository.swift; sourceTree = "<group>"; };
		923B59C22BB3619400537676 /* DefaultFetchImageRepository.swift */ = {isa = PBXFileReference; lastKnownFileType = sourcecode.swift; path = DefaultFetchImageRepository.swift; sourceTree = "<group>"; };
		923B59C42BB361F700537676 /* DataResponseDecoder.swift */ = {isa = PBXFileReference; lastKnownFileType = sourcecode.swift; path = DataResponseDecoder.swift; sourceTree = "<group>"; };
		923B59C72BB3759600537676 /* ImageCacheManager.swift */ = {isa = PBXFileReference; lastKnownFileType = sourcecode.swift; path = ImageCacheManager.swift; sourceTree = "<group>"; };
/* End PBXFileReference section */

/* Begin PBXFrameworksBuildPhase section */
		923B59162BB12E9C00537676 /* Frameworks */ = {
			isa = PBXFrameworksBuildPhase;
			buildActionMask = 2147483647;
			files = (
			);
			runOnlyForDeploymentPostprocessing = 0;
		};
		923B592C2BB12E9F00537676 /* Frameworks */ = {
			isa = PBXFrameworksBuildPhase;
			buildActionMask = 2147483647;
			files = (
			);
			runOnlyForDeploymentPostprocessing = 0;
		};
		923B59362BB12EA000537676 /* Frameworks */ = {
			isa = PBXFrameworksBuildPhase;
			buildActionMask = 2147483647;
			files = (
			);
			runOnlyForDeploymentPostprocessing = 0;
		};
/* End PBXFrameworksBuildPhase section */

/* Begin PBXGroup section */
		923B59102BB12E9C00537676 = {
			isa = PBXGroup;
			children = (
				923B591B2BB12E9C00537676 /* BanqueMisr-TMDB */,
				923B59322BB12E9F00537676 /* BanqueMisr-TMDBTests */,
				923B593C2BB12EA000537676 /* BanqueMisr-TMDBUITests */,
				923B591A2BB12E9C00537676 /* Products */,
			);
			sourceTree = "<group>";
		};
		923B591A2BB12E9C00537676 /* Products */ = {
			isa = PBXGroup;
			children = (
				923B59192BB12E9C00537676 /* BanqueMisr-TMDB.app */,
				923B592F2BB12E9F00537676 /* BanqueMisr-TMDBTests.xctest */,
				923B59392BB12EA000537676 /* BanqueMisr-TMDBUITests.xctest */,
			);
			name = Products;
			sourceTree = "<group>";
		};
		923B591B2BB12E9C00537676 /* BanqueMisr-TMDB */ = {
			isa = PBXGroup;
			children = (
				923B598D2BB23A6C00537676 /* Utils */,
				923B59642BB1ED6200537676 /* Application */,
				923B594E2BB1AC0800537676 /* Infrastructure */,
				923B596A2BB209BB00537676 /* DIContainer */,
				923B596F2BB2114C00537676 /* Presentation */,
				923B59912BB23C2800537676 /* Domain */,
				923B59932BB23C5A00537676 /* Data */,
				923B59652BB1ED7100537676 /* Resources */,
			);
			path = "BanqueMisr-TMDB";
			sourceTree = "<group>";
		};
		923B59322BB12E9F00537676 /* BanqueMisr-TMDBTests */ = {
			isa = PBXGroup;
			children = (
				923B59332BB12EA000537676 /* BanqueMisr_TMDBTests.swift */,
			);
			path = "BanqueMisr-TMDBTests";
			sourceTree = "<group>";
		};
		923B593C2BB12EA000537676 /* BanqueMisr-TMDBUITests */ = {
			isa = PBXGroup;
			children = (
				923B593D2BB12EA000537676 /* BanqueMisr_TMDBUITests.swift */,
				923B593F2BB12EA000537676 /* BanqueMisr_TMDBUITestsLaunchTests.swift */,
			);
			path = "BanqueMisr-TMDBUITests";
			sourceTree = "<group>";
		};
		923B594E2BB1AC0800537676 /* Infrastructure */ = {
			isa = PBXGroup;
			children = (
				923B594F2BB1AC1E00537676 /* Network */,
			);
			path = Infrastructure;
			sourceTree = "<group>";
		};
		923B594F2BB1AC1E00537676 /* Network */ = {
			isa = PBXGroup;
			children = (
				923B59502BB1AC3900537676 /* EndPoint.swift */,
				923B59522BB1AC7F00537676 /* DataTransferService.swift */,
				923B59602BB1E14D00537676 /* DataTransferError.swift */,
				923B59542BB1AE3000537676 /* DefaultNetwork.swift */,
				923B595A2BB1B42200537676 /* NetworkError.swift */,
				923B595C2BB1B7B900537676 /* NetworkConfig.swift */,
				923B59562BB1B3B700537676 /* DefaultSessionManager.swift */,
				923B59622BB1E54900537676 /* JsonResponseDecoder.swift */,
				923B59C42BB361F700537676 /* DataResponseDecoder.swift */,
			);
			path = Network;
			sourceTree = "<group>";
		};
		923B59642BB1ED6200537676 /* Application */ = {
			isa = PBXGroup;
			children = (
				923B591C2BB12E9C00537676 /* AppDelegate.swift */,
				923B591E2BB12E9C00537676 /* SceneDelegate.swift */,
				923B59662BB2038400537676 /* AppConfigurations.swift */,
			);
			path = Application;
			sourceTree = "<group>";
		};
		923B59652BB1ED7100537676 /* Resources */ = {
			isa = PBXGroup;
			children = (
				923B59252BB12E9F00537676 /* Assets.xcassets */,
				923B59272BB12E9F00537676 /* LaunchScreen.storyboard */,
				923B592A2BB12E9F00537676 /* Info.plist */,
			);
			path = Resources;
			sourceTree = "<group>";
		};
		923B596A2BB209BB00537676 /* DIContainer */ = {
			isa = PBXGroup;
			children = (
				923B596B2BB209C800537676 /* AppDIContainer.swift */,
				923B596D2BB20D0200537676 /* MoviesTabBarDIContainer.swift */,
			);
			path = DIContainer;
			sourceTree = "<group>";
		};
		923B596F2BB2114C00537676 /* Presentation */ = {
			isa = PBXGroup;
			children = (
				923B59B82BB3538800537676 /* Cell */,
				923B59702BB2115200537676 /* MoviesTabBar */,
			);
			path = Presentation;
			sourceTree = "<group>";
		};
		923B59702BB2115200537676 /* MoviesTabBar */ = {
			isa = PBXGroup;
			children = (
				923B59712BB2116200537676 /* Tabs */,
				923B59842BB220AE00537676 /* AppTabBarController.swift */,
			);
			path = MoviesTabBar;
			sourceTree = "<group>";
		};
		923B59712BB2116200537676 /* Tabs */ = {
			isa = PBXGroup;
			children = (
				923B59742BB2118900537676 /* UpcomingMovies */,
				923B59732BB2117F00537676 /* Popular */,
				923B59722BB2117700537676 /* NowPlaying */,
			);
			path = Tabs;
			sourceTree = "<group>";
		};
		923B59722BB2117700537676 /* NowPlaying */ = {
			isa = PBXGroup;
			children = (
				923B59882BB239F400537676 /* ViewModel */,
				923B59872BB239DF00537676 /* ViewController */,
			);
			path = NowPlaying;
			sourceTree = "<group>";
		};
		923B59732BB2117F00537676 /* Popular */ = {
			isa = PBXGroup;
			children = (
				923B598A2BB23A0100537676 /* ViewModel */,
				923B59892BB239FA00537676 /* ViewController */,
			);
			path = Popular;
			sourceTree = "<group>";
		};
		923B59742BB2118900537676 /* UpcomingMovies */ = {
			isa = PBXGroup;
			children = (
				923B598C2BB23A0F00537676 /* ViewModel */,
				923B598B2BB23A0900537676 /* ViewController */,
			);
			path = UpcomingMovies;
			sourceTree = "<group>";
		};
		923B59872BB239DF00537676 /* ViewController */ = {
			isa = PBXGroup;
			children = (
				923B597D2BB213A500537676 /* NowPlayingViewController.swift */,
				923B597E2BB213A500537676 /* NowPlayingViewController.xib */,
			);
			path = ViewController;
			sourceTree = "<group>";
		};
		923B59882BB239F400537676 /* ViewModel */ = {
			isa = PBXGroup;
			children = (
				923B59AD2BB26E7700537676 /* NowPlayingViewModel.swift */,
				923B59AF2BB3364A00537676 /* MovieListItemViewModel.swift */,
			);
			path = ViewModel;
			sourceTree = "<group>";
		};
		923B59892BB239FA00537676 /* ViewController */ = {
			isa = PBXGroup;
			children = (
				923B59792BB2139B00537676 /* PopularMoviesViewController.swift */,
				923B597A2BB2139B00537676 /* PopularMoviesViewController.xib */,
			);
			path = ViewController;
			sourceTree = "<group>";
		};
		923B598A2BB23A0100537676 /* ViewModel */ = {
			isa = PBXGroup;
			children = (
			);
			path = ViewModel;
			sourceTree = "<group>";
		};
		923B598B2BB23A0900537676 /* ViewController */ = {
			isa = PBXGroup;
			children = (
				923B59752BB2138F00537676 /* UpcomingMoviesViewController.swift */,
				923B59762BB2138F00537676 /* UpcomingMoviesViewController.xib */,
			);
			path = ViewController;
			sourceTree = "<group>";
		};
		923B598C2BB23A0F00537676 /* ViewModel */ = {
			isa = PBXGroup;
			children = (
			);
			path = ViewModel;
			sourceTree = "<group>";
		};
		923B598D2BB23A6C00537676 /* Utils */ = {
			isa = PBXGroup;
			children = (
				923B59C62BB3758B00537676 /* Helpers */,
				923B599B2BB23F2200537676 /* Extensions */,
				923B59902BB23A8500537676 /* Protocols */,
			);
			path = Utils;
			sourceTree = "<group>";
		};
		923B59902BB23A8500537676 /* Protocols */ = {
			isa = PBXGroup;
			children = (
				923B598E2BB23A7D00537676 /* Alertable.swift */,
			);
			path = Protocols;
			sourceTree = "<group>";
		};
		923B59912BB23C2800537676 /* Domain */ = {
			isa = PBXGroup;
			children = (
				923B59AA2BB24BA000537676 /* UseCases */,
				923B599E2BB241D900537676 /* Interfaces */,
				923B59922BB23C3B00537676 /* Entities */,
			);
			path = Domain;
			sourceTree = "<group>";
		};
		923B59922BB23C3B00537676 /* Entities */ = {
			isa = PBXGroup;
			children = (
				923B59992BB23E6B00537676 /* Movie.swift */,
			);
			path = Entities;
			sourceTree = "<group>";
		};
		923B59932BB23C5A00537676 /* Data */ = {
			isa = PBXGroup;
			children = (
				923B59A72BB2470000537676 /* Network */,
				923B59A42BB2456100537676 /* Repositories */,
				923B59942BB23C6800537676 /* DTOs */,
			);
			path = Data;
			sourceTree = "<group>";
		};
		923B59942BB23C6800537676 /* DTOs */ = {
			isa = PBXGroup;
			children = (
				923B59952BB23D8600537676 /* MovieResponseDTO.swift */,
				923B59972BB23E3E00537676 /* MovieRequestDTO.swift */,
			);
			path = DTOs;
			sourceTree = "<group>";
		};
		923B599B2BB23F2200537676 /* Extensions */ = {
			isa = PBXGroup;
			children = (
				923B599C2BB23F2B00537676 /* Extension + String.swift */,
			);
			path = Extensions;
			sourceTree = "<group>";
		};
		923B599E2BB241D900537676 /* Interfaces */ = {
			isa = PBXGroup;
			children = (
				923B599F2BB241E100537676 /* Repositories */,
			);
			path = Interfaces;
			sourceTree = "<group>";
		};
		923B599F2BB241E100537676 /* Repositories */ = {
			isa = PBXGroup;
			children = (
				923B59A02BB241F100537676 /* MoviesRepository.swift */,
				923B59C02BB3613600537676 /* FetchImageRepository.swift */,
			);
			path = Repositories;
			sourceTree = "<group>";
		};
		923B59A42BB2456100537676 /* Repositories */ = {
			isa = PBXGroup;
			children = (
				923B59A52BB2457300537676 /* DefaultMoviesRepository.swift */,
				923B59C22BB3619400537676 /* DefaultFetchImageRepository.swift */,
			);
			path = Repositories;
			sourceTree = "<group>";
		};
		923B59A72BB2470000537676 /* Network */ = {
			isa = PBXGroup;
			children = (
				923B59A82BB2470B00537676 /* APIEndpoints.swift */,
			);
			path = Network;
			sourceTree = "<group>";
		};
		923B59AA2BB24BA000537676 /* UseCases */ = {
			isa = PBXGroup;
			children = (
				923B59AB2BB24BBF00537676 /* MoviesListUseCase.swift */,
			);
			path = UseCases;
			sourceTree = "<group>";
		};
		923B59B82BB3538800537676 /* Cell */ = {
			isa = PBXGroup;
			children = (
				923B59B92BB3539200537676 /* MovieTableViewCell.swift */,
				923B59BA2BB3539200537676 /* MovieTableViewCell.xib */,
			);
			path = Cell;
			sourceTree = "<group>";
		};
		923B59C62BB3758B00537676 /* Helpers */ = {
			isa = PBXGroup;
			children = (
				923B59C72BB3759600537676 /* ImageCacheManager.swift */,
			);
			path = Helpers;
			sourceTree = "<group>";
		};
/* End PBXGroup section */

/* Begin PBXNativeTarget section */
		923B59182BB12E9C00537676 /* BanqueMisr-TMDB */ = {
			isa = PBXNativeTarget;
			buildConfigurationList = 923B59432BB12EA000537676 /* Build configuration list for PBXNativeTarget "BanqueMisr-TMDB" */;
			buildPhases = (
				923B59152BB12E9C00537676 /* Sources */,
				923B59162BB12E9C00537676 /* Frameworks */,
				923B59172BB12E9C00537676 /* Resources */,
			);
			buildRules = (
			);
			dependencies = (
			);
			name = "BanqueMisr-TMDB";
			productName = "BanqueMisr-TMDB";
			productReference = 923B59192BB12E9C00537676 /* BanqueMisr-TMDB.app */;
			productType = "com.apple.product-type.application";
		};
		923B592E2BB12E9F00537676 /* BanqueMisr-TMDBTests */ = {
			isa = PBXNativeTarget;
			buildConfigurationList = 923B59462BB12EA000537676 /* Build configuration list for PBXNativeTarget "BanqueMisr-TMDBTests" */;
			buildPhases = (
				923B592B2BB12E9F00537676 /* Sources */,
				923B592C2BB12E9F00537676 /* Frameworks */,
				923B592D2BB12E9F00537676 /* Resources */,
			);
			buildRules = (
			);
			dependencies = (
				923B59312BB12E9F00537676 /* PBXTargetDependency */,
			);
			name = "BanqueMisr-TMDBTests";
			productName = "BanqueMisr-TMDBTests";
			productReference = 923B592F2BB12E9F00537676 /* BanqueMisr-TMDBTests.xctest */;
			productType = "com.apple.product-type.bundle.unit-test";
		};
		923B59382BB12EA000537676 /* BanqueMisr-TMDBUITests */ = {
			isa = PBXNativeTarget;
			buildConfigurationList = 923B59492BB12EA000537676 /* Build configuration list for PBXNativeTarget "BanqueMisr-TMDBUITests" */;
			buildPhases = (
				923B59352BB12EA000537676 /* Sources */,
				923B59362BB12EA000537676 /* Frameworks */,
				923B59372BB12EA000537676 /* Resources */,
			);
			buildRules = (
			);
			dependencies = (
				923B593B2BB12EA000537676 /* PBXTargetDependency */,
			);
			name = "BanqueMisr-TMDBUITests";
			productName = "BanqueMisr-TMDBUITests";
			productReference = 923B59392BB12EA000537676 /* BanqueMisr-TMDBUITests.xctest */;
			productType = "com.apple.product-type.bundle.ui-testing";
		};
/* End PBXNativeTarget section */

/* Begin PBXProject section */
		923B59112BB12E9C00537676 /* Project object */ = {
			isa = PBXProject;
			attributes = {
				BuildIndependentTargetsInParallel = 1;
				LastSwiftUpdateCheck = 1510;
				LastUpgradeCheck = 1510;
				TargetAttributes = {
					923B59182BB12E9C00537676 = {
						CreatedOnToolsVersion = 15.1;
					};
					923B592E2BB12E9F00537676 = {
						CreatedOnToolsVersion = 15.1;
						TestTargetID = 923B59182BB12E9C00537676;
					};
					923B59382BB12EA000537676 = {
						CreatedOnToolsVersion = 15.1;
						TestTargetID = 923B59182BB12E9C00537676;
					};
				};
			};
			buildConfigurationList = 923B59142BB12E9C00537676 /* Build configuration list for PBXProject "BanqueMisr-TMDB" */;
			compatibilityVersion = "Xcode 14.0";
			developmentRegion = en;
			hasScannedForEncodings = 0;
			knownRegions = (
				en,
				Base,
			);
			mainGroup = 923B59102BB12E9C00537676;
			productRefGroup = 923B591A2BB12E9C00537676 /* Products */;
			projectDirPath = "";
			projectRoot = "";
			targets = (
				923B59182BB12E9C00537676 /* BanqueMisr-TMDB */,
				923B592E2BB12E9F00537676 /* BanqueMisr-TMDBTests */,
				923B59382BB12EA000537676 /* BanqueMisr-TMDBUITests */,
			);
		};
/* End PBXProject section */

/* Begin PBXResourcesBuildPhase section */
		923B59172BB12E9C00537676 /* Resources */ = {
			isa = PBXResourcesBuildPhase;
			buildActionMask = 2147483647;
			files = (
				923B59782BB2138F00537676 /* UpcomingMoviesViewController.xib in Resources */,
				923B59802BB213A500537676 /* NowPlayingViewController.xib in Resources */,
				923B59BC2BB3539200537676 /* MovieTableViewCell.xib in Resources */,
				923B597C2BB2139B00537676 /* PopularMoviesViewController.xib in Resources */,
				923B59292BB12E9F00537676 /* LaunchScreen.storyboard in Resources */,
				923B59262BB12E9F00537676 /* Assets.xcassets in Resources */,
			);
			runOnlyForDeploymentPostprocessing = 0;
		};
		923B592D2BB12E9F00537676 /* Resources */ = {
			isa = PBXResourcesBuildPhase;
			buildActionMask = 2147483647;
			files = (
			);
			runOnlyForDeploymentPostprocessing = 0;
		};
		923B59372BB12EA000537676 /* Resources */ = {
			isa = PBXResourcesBuildPhase;
			buildActionMask = 2147483647;
			files = (
			);
			runOnlyForDeploymentPostprocessing = 0;
		};
/* End PBXResourcesBuildPhase section */

/* Begin PBXSourcesBuildPhase section */
		923B59152BB12E9C00537676 /* Sources */ = {
			isa = PBXSourcesBuildPhase;
			buildActionMask = 2147483647;
			files = (
				923B59AC2BB24BBF00537676 /* MoviesListUseCase.swift in Sources */,
				923B59A92BB2470B00537676 /* APIEndpoints.swift in Sources */,
				923B598F2BB23A7D00537676 /* Alertable.swift in Sources */,
				923B596C2BB209C800537676 /* AppDIContainer.swift in Sources */,
				923B59A12BB241F100537676 /* MoviesRepository.swift in Sources */,
				923B59552BB1AE3000537676 /* DefaultNetwork.swift in Sources */,
				923B595B2BB1B42200537676 /* NetworkError.swift in Sources */,
				923B59772BB2138F00537676 /* UpcomingMoviesViewController.swift in Sources */,
				923B59A62BB2457300537676 /* DefaultMoviesRepository.swift in Sources */,
				923B59532BB1AC7F00537676 /* DataTransferService.swift in Sources */,
				923B59572BB1B3B700537676 /* DefaultSessionManager.swift in Sources */,
				923B59962BB23D8600537676 /* MovieResponseDTO.swift in Sources */,
				923B59512BB1AC3900537676 /* EndPoint.swift in Sources */,
				923B59672BB2038400537676 /* AppConfigurations.swift in Sources */,
				923B59AE2BB26E7700537676 /* NowPlayingViewModel.swift in Sources */,
				923B597F2BB213A500537676 /* NowPlayingViewController.swift in Sources */,
				923B59C12BB3613600537676 /* FetchImageRepository.swift in Sources */,
				923B596E2BB20D0200537676 /* MoviesTabBarDIContainer.swift in Sources */,
				923B59B02BB3364A00537676 /* MovieListItemViewModel.swift in Sources */,
				923B59C52BB361F700537676 /* DataResponseDecoder.swift in Sources */,
				923B59C82BB3759600537676 /* ImageCacheManager.swift in Sources */,
				923B597B2BB2139B00537676 /* PopularMoviesViewController.swift in Sources */,
				923B59BB2BB3539200537676 /* MovieTableViewCell.swift in Sources */,
				923B59852BB220AE00537676 /* AppTabBarController.swift in Sources */,
				923B599D2BB23F2B00537676 /* Extension + String.swift in Sources */,
				923B599A2BB23E6B00537676 /* Movie.swift in Sources */,
				923B59632BB1E54900537676 /* JsonResponseDecoder.swift in Sources */,
				923B59C32BB3619400537676 /* DefaultFetchImageRepository.swift in Sources */,
				923B591D2BB12E9C00537676 /* AppDelegate.swift in Sources */,
				923B59982BB23E3E00537676 /* MovieRequestDTO.swift in Sources */,
				923B591F2BB12E9C00537676 /* SceneDelegate.swift in Sources */,
				923B59612BB1E14D00537676 /* DataTransferError.swift in Sources */,
				923B595D2BB1B7B900537676 /* NetworkConfig.swift in Sources */,
			);
			runOnlyForDeploymentPostprocessing = 0;
		};
		923B592B2BB12E9F00537676 /* Sources */ = {
			isa = PBXSourcesBuildPhase;
			buildActionMask = 2147483647;
			files = (
				923B59342BB12EA000537676 /* BanqueMisr_TMDBTests.swift in Sources */,
			);
			runOnlyForDeploymentPostprocessing = 0;
		};
		923B59352BB12EA000537676 /* Sources */ = {
			isa = PBXSourcesBuildPhase;
			buildActionMask = 2147483647;
			files = (
				923B59402BB12EA000537676 /* BanqueMisr_TMDBUITestsLaunchTests.swift in Sources */,
				923B593E2BB12EA000537676 /* BanqueMisr_TMDBUITests.swift in Sources */,
			);
			runOnlyForDeploymentPostprocessing = 0;
		};
/* End PBXSourcesBuildPhase section */

/* Begin PBXTargetDependency section */
		923B59312BB12E9F00537676 /* PBXTargetDependency */ = {
			isa = PBXTargetDependency;
			target = 923B59182BB12E9C00537676 /* BanqueMisr-TMDB */;
			targetProxy = 923B59302BB12E9F00537676 /* PBXContainerItemProxy */;
		};
		923B593B2BB12EA000537676 /* PBXTargetDependency */ = {
			isa = PBXTargetDependency;
			target = 923B59182BB12E9C00537676 /* BanqueMisr-TMDB */;
			targetProxy = 923B593A2BB12EA000537676 /* PBXContainerItemProxy */;
		};
/* End PBXTargetDependency section */

/* Begin PBXVariantGroup section */
		923B59272BB12E9F00537676 /* LaunchScreen.storyboard */ = {
			isa = PBXVariantGroup;
			children = (
				923B59282BB12E9F00537676 /* Base */,
			);
			name = LaunchScreen.storyboard;
			sourceTree = "<group>";
		};
/* End PBXVariantGroup section */

/* Begin XCBuildConfiguration section */
		923B59412BB12EA000537676 /* Debug */ = {
			isa = XCBuildConfiguration;
			buildSettings = {
				ALWAYS_SEARCH_USER_PATHS = NO;
				ASSETCATALOG_COMPILER_GENERATE_SWIFT_ASSET_SYMBOL_EXTENSIONS = YES;
				CLANG_ANALYZER_NONNULL = YES;
				CLANG_ANALYZER_NUMBER_OBJECT_CONVERSION = YES_AGGRESSIVE;
				CLANG_CXX_LANGUAGE_STANDARD = "gnu++20";
				CLANG_ENABLE_MODULES = YES;
				CLANG_ENABLE_OBJC_ARC = YES;
				CLANG_ENABLE_OBJC_WEAK = YES;
				CLANG_WARN_BLOCK_CAPTURE_AUTORELEASING = YES;
				CLANG_WARN_BOOL_CONVERSION = YES;
				CLANG_WARN_COMMA = YES;
				CLANG_WARN_CONSTANT_CONVERSION = YES;
				CLANG_WARN_DEPRECATED_OBJC_IMPLEMENTATIONS = YES;
				CLANG_WARN_DIRECT_OBJC_ISA_USAGE = YES_ERROR;
				CLANG_WARN_DOCUMENTATION_COMMENTS = YES;
				CLANG_WARN_EMPTY_BODY = YES;
				CLANG_WARN_ENUM_CONVERSION = YES;
				CLANG_WARN_INFINITE_RECURSION = YES;
				CLANG_WARN_INT_CONVERSION = YES;
				CLANG_WARN_NON_LITERAL_NULL_CONVERSION = YES;
				CLANG_WARN_OBJC_IMPLICIT_RETAIN_SELF = YES;
				CLANG_WARN_OBJC_LITERAL_CONVERSION = YES;
				CLANG_WARN_OBJC_ROOT_CLASS = YES_ERROR;
				CLANG_WARN_QUOTED_INCLUDE_IN_FRAMEWORK_HEADER = YES;
				CLANG_WARN_RANGE_LOOP_ANALYSIS = YES;
				CLANG_WARN_STRICT_PROTOTYPES = YES;
				CLANG_WARN_SUSPICIOUS_MOVE = YES;
				CLANG_WARN_UNGUARDED_AVAILABILITY = YES_AGGRESSIVE;
				CLANG_WARN_UNREACHABLE_CODE = YES;
				CLANG_WARN__DUPLICATE_METHOD_MATCH = YES;
				COPY_PHASE_STRIP = NO;
				DEBUG_INFORMATION_FORMAT = dwarf;
				ENABLE_STRICT_OBJC_MSGSEND = YES;
				ENABLE_TESTABILITY = YES;
				ENABLE_USER_SCRIPT_SANDBOXING = YES;
				GCC_C_LANGUAGE_STANDARD = gnu17;
				GCC_DYNAMIC_NO_PIC = NO;
				GCC_NO_COMMON_BLOCKS = YES;
				GCC_OPTIMIZATION_LEVEL = 0;
				GCC_PREPROCESSOR_DEFINITIONS = (
					"DEBUG=1",
					"$(inherited)",
				);
				GCC_WARN_64_TO_32_BIT_CONVERSION = YES;
				GCC_WARN_ABOUT_RETURN_TYPE = YES_ERROR;
				GCC_WARN_UNDECLARED_SELECTOR = YES;
				GCC_WARN_UNINITIALIZED_AUTOS = YES_AGGRESSIVE;
				GCC_WARN_UNUSED_FUNCTION = YES;
				GCC_WARN_UNUSED_VARIABLE = YES;
				IPHONEOS_DEPLOYMENT_TARGET = 17.2;
				LOCALIZATION_PREFERS_STRING_CATALOGS = YES;
				MTL_ENABLE_DEBUG_INFO = INCLUDE_SOURCE;
				MTL_FAST_MATH = YES;
				ONLY_ACTIVE_ARCH = YES;
				SDKROOT = iphoneos;
				SWIFT_ACTIVE_COMPILATION_CONDITIONS = "DEBUG $(inherited)";
				SWIFT_OPTIMIZATION_LEVEL = "-Onone";
			};
			name = Debug;
		};
		923B59422BB12EA000537676 /* Release */ = {
			isa = XCBuildConfiguration;
			buildSettings = {
				ALWAYS_SEARCH_USER_PATHS = NO;
				ASSETCATALOG_COMPILER_GENERATE_SWIFT_ASSET_SYMBOL_EXTENSIONS = YES;
				CLANG_ANALYZER_NONNULL = YES;
				CLANG_ANALYZER_NUMBER_OBJECT_CONVERSION = YES_AGGRESSIVE;
				CLANG_CXX_LANGUAGE_STANDARD = "gnu++20";
				CLANG_ENABLE_MODULES = YES;
				CLANG_ENABLE_OBJC_ARC = YES;
				CLANG_ENABLE_OBJC_WEAK = YES;
				CLANG_WARN_BLOCK_CAPTURE_AUTORELEASING = YES;
				CLANG_WARN_BOOL_CONVERSION = YES;
				CLANG_WARN_COMMA = YES;
				CLANG_WARN_CONSTANT_CONVERSION = YES;
				CLANG_WARN_DEPRECATED_OBJC_IMPLEMENTATIONS = YES;
				CLANG_WARN_DIRECT_OBJC_ISA_USAGE = YES_ERROR;
				CLANG_WARN_DOCUMENTATION_COMMENTS = YES;
				CLANG_WARN_EMPTY_BODY = YES;
				CLANG_WARN_ENUM_CONVERSION = YES;
				CLANG_WARN_INFINITE_RECURSION = YES;
				CLANG_WARN_INT_CONVERSION = YES;
				CLANG_WARN_NON_LITERAL_NULL_CONVERSION = YES;
				CLANG_WARN_OBJC_IMPLICIT_RETAIN_SELF = YES;
				CLANG_WARN_OBJC_LITERAL_CONVERSION = YES;
				CLANG_WARN_OBJC_ROOT_CLASS = YES_ERROR;
				CLANG_WARN_QUOTED_INCLUDE_IN_FRAMEWORK_HEADER = YES;
				CLANG_WARN_RANGE_LOOP_ANALYSIS = YES;
				CLANG_WARN_STRICT_PROTOTYPES = YES;
				CLANG_WARN_SUSPICIOUS_MOVE = YES;
				CLANG_WARN_UNGUARDED_AVAILABILITY = YES_AGGRESSIVE;
				CLANG_WARN_UNREACHABLE_CODE = YES;
				CLANG_WARN__DUPLICATE_METHOD_MATCH = YES;
				COPY_PHASE_STRIP = NO;
				DEBUG_INFORMATION_FORMAT = "dwarf-with-dsym";
				ENABLE_NS_ASSERTIONS = NO;
				ENABLE_STRICT_OBJC_MSGSEND = YES;
				ENABLE_USER_SCRIPT_SANDBOXING = YES;
				GCC_C_LANGUAGE_STANDARD = gnu17;
				GCC_NO_COMMON_BLOCKS = YES;
				GCC_WARN_64_TO_32_BIT_CONVERSION = YES;
				GCC_WARN_ABOUT_RETURN_TYPE = YES_ERROR;
				GCC_WARN_UNDECLARED_SELECTOR = YES;
				GCC_WARN_UNINITIALIZED_AUTOS = YES_AGGRESSIVE;
				GCC_WARN_UNUSED_FUNCTION = YES;
				GCC_WARN_UNUSED_VARIABLE = YES;
				IPHONEOS_DEPLOYMENT_TARGET = 17.2;
				LOCALIZATION_PREFERS_STRING_CATALOGS = YES;
				MTL_ENABLE_DEBUG_INFO = NO;
				MTL_FAST_MATH = YES;
				SDKROOT = iphoneos;
				SWIFT_COMPILATION_MODE = wholemodule;
				VALIDATE_PRODUCT = YES;
			};
			name = Release;
		};
		923B59442BB12EA000537676 /* Debug */ = {
			isa = XCBuildConfiguration;
			buildSettings = {
				API_BASE_URL = "http://api.themoviedb.org";
				API_KEY = 0c5ca3673c651a2e3f0365c1529e8b63;
				ASSETCATALOG_COMPILER_APPICON_NAME = AppIcon;
				ASSETCATALOG_COMPILER_GLOBAL_ACCENT_COLOR_NAME = AccentColor;
				CODE_SIGN_STYLE = Automatic;
				CURRENT_PROJECT_VERSION = 1;
				DEVELOPMENT_TEAM = VY88YN52L7;
				GENERATE_INFOPLIST_FILE = YES;
				IMAGE_BASE_URL = "http://image.tmdb.org";
				INFOPLIST_FILE = "BanqueMisr-TMDB/Resources/Info.plist";
				INFOPLIST_KEY_UIApplicationSupportsIndirectInputEvents = YES;
				INFOPLIST_KEY_UILaunchStoryboardName = LaunchScreen;
				INFOPLIST_KEY_UIMainStoryboardFile = "";
				INFOPLIST_KEY_UISupportedInterfaceOrientations_iPad = "UIInterfaceOrientationPortrait UIInterfaceOrientationPortraitUpsideDown UIInterfaceOrientationLandscapeLeft UIInterfaceOrientationLandscapeRight";
				INFOPLIST_KEY_UISupportedInterfaceOrientations_iPhone = "UIInterfaceOrientationPortrait UIInterfaceOrientationLandscapeLeft UIInterfaceOrientationLandscapeRight";
				LD_RUNPATH_SEARCH_PATHS = (
					"$(inherited)",
					"@executable_path/Frameworks",
				);
				MARKETING_VERSION = 1.0;
				PRODUCT_BUNDLE_IDENTIFIER = "com.example.BanqueMisr-TMDB";
				PRODUCT_NAME = "$(TARGET_NAME)";
				SWIFT_EMIT_LOC_STRINGS = YES;
				SWIFT_VERSION = 5.0;
				TARGETED_DEVICE_FAMILY = "1,2";
			};
			name = Debug;
		};
		923B59452BB12EA000537676 /* Release */ = {
			isa = XCBuildConfiguration;
			buildSettings = {
				API_BASE_URL = "http://api.themoviedb.org";
				API_KEY = 0c5ca3673c651a2e3f0365c1529e8b63;
				ASSETCATALOG_COMPILER_APPICON_NAME = AppIcon;
				ASSETCATALOG_COMPILER_GLOBAL_ACCENT_COLOR_NAME = AccentColor;
				CODE_SIGN_STYLE = Automatic;
				CURRENT_PROJECT_VERSION = 1;
				DEVELOPMENT_TEAM = VY88YN52L7;
				GENERATE_INFOPLIST_FILE = YES;
				IMAGE_BASE_URL = "http://image.tmdb.org";
				INFOPLIST_FILE = "BanqueMisr-TMDB/Resources/Info.plist";
				INFOPLIST_KEY_UIApplicationSupportsIndirectInputEvents = YES;
				INFOPLIST_KEY_UILaunchStoryboardName = LaunchScreen;
				INFOPLIST_KEY_UIMainStoryboardFile = "";
				INFOPLIST_KEY_UISupportedInterfaceOrientations_iPad = "UIInterfaceOrientationPortrait UIInterfaceOrientationPortraitUpsideDown UIInterfaceOrientationLandscapeLeft UIInterfaceOrientationLandscapeRight";
				INFOPLIST_KEY_UISupportedInterfaceOrientations_iPhone = "UIInterfaceOrientationPortrait UIInterfaceOrientationLandscapeLeft UIInterfaceOrientationLandscapeRight";
				LD_RUNPATH_SEARCH_PATHS = (
					"$(inherited)",
					"@executable_path/Frameworks",
				);
				MARKETING_VERSION = 1.0;
				PRODUCT_BUNDLE_IDENTIFIER = "com.example.BanqueMisr-TMDB";
				PRODUCT_NAME = "$(TARGET_NAME)";
				SWIFT_EMIT_LOC_STRINGS = YES;
				SWIFT_VERSION = 5.0;
				TARGETED_DEVICE_FAMILY = "1,2";
			};
			name = Release;
		};
		923B59472BB12EA000537676 /* Debug */ = {
			isa = XCBuildConfiguration;
			buildSettings = {
				ALWAYS_EMBED_SWIFT_STANDARD_LIBRARIES = YES;
				BUNDLE_LOADER = "$(TEST_HOST)";
				CODE_SIGN_STYLE = Automatic;
				CURRENT_PROJECT_VERSION = 1;
				DEVELOPMENT_TEAM = VY88YN52L7;
				GENERATE_INFOPLIST_FILE = YES;
				IPHONEOS_DEPLOYMENT_TARGET = 17.2;
				MARKETING_VERSION = 1.0;
				PRODUCT_BUNDLE_IDENTIFIER = "com.example.BanqueMisr-TMDBTests";
				PRODUCT_NAME = "$(TARGET_NAME)";
				SWIFT_EMIT_LOC_STRINGS = NO;
				SWIFT_VERSION = 5.0;
				TARGETED_DEVICE_FAMILY = "1,2";
				TEST_HOST = "$(BUILT_PRODUCTS_DIR)/BanqueMisr-TMDB.app/$(BUNDLE_EXECUTABLE_FOLDER_PATH)/BanqueMisr-TMDB";
			};
			name = Debug;
		};
		923B59482BB12EA000537676 /* Release */ = {
			isa = XCBuildConfiguration;
			buildSettings = {
				ALWAYS_EMBED_SWIFT_STANDARD_LIBRARIES = YES;
				BUNDLE_LOADER = "$(TEST_HOST)";
				CODE_SIGN_STYLE = Automatic;
				CURRENT_PROJECT_VERSION = 1;
				DEVELOPMENT_TEAM = VY88YN52L7;
				GENERATE_INFOPLIST_FILE = YES;
				IPHONEOS_DEPLOYMENT_TARGET = 17.2;
				MARKETING_VERSION = 1.0;
				PRODUCT_BUNDLE_IDENTIFIER = "com.example.BanqueMisr-TMDBTests";
				PRODUCT_NAME = "$(TARGET_NAME)";
				SWIFT_EMIT_LOC_STRINGS = NO;
				SWIFT_VERSION = 5.0;
				TARGETED_DEVICE_FAMILY = "1,2";
				TEST_HOST = "$(BUILT_PRODUCTS_DIR)/BanqueMisr-TMDB.app/$(BUNDLE_EXECUTABLE_FOLDER_PATH)/BanqueMisr-TMDB";
			};
			name = Release;
		};
		923B594A2BB12EA000537676 /* Debug */ = {
			isa = XCBuildConfiguration;
			buildSettings = {
				ALWAYS_EMBED_SWIFT_STANDARD_LIBRARIES = YES;
				CODE_SIGN_STYLE = Automatic;
				CURRENT_PROJECT_VERSION = 1;
				DEVELOPMENT_TEAM = VY88YN52L7;
				GENERATE_INFOPLIST_FILE = YES;
				MARKETING_VERSION = 1.0;
				PRODUCT_BUNDLE_IDENTIFIER = "com.example.BanqueMisr-TMDBUITests";
				PRODUCT_NAME = "$(TARGET_NAME)";
				SWIFT_EMIT_LOC_STRINGS = NO;
				SWIFT_VERSION = 5.0;
				TARGETED_DEVICE_FAMILY = "1,2";
				TEST_TARGET_NAME = "BanqueMisr-TMDB";
			};
			name = Debug;
		};
		923B594B2BB12EA000537676 /* Release */ = {
			isa = XCBuildConfiguration;
			buildSettings = {
				ALWAYS_EMBED_SWIFT_STANDARD_LIBRARIES = YES;
				CODE_SIGN_STYLE = Automatic;
				CURRENT_PROJECT_VERSION = 1;
				DEVELOPMENT_TEAM = VY88YN52L7;
				GENERATE_INFOPLIST_FILE = YES;
				MARKETING_VERSION = 1.0;
				PRODUCT_BUNDLE_IDENTIFIER = "com.example.BanqueMisr-TMDBUITests";
				PRODUCT_NAME = "$(TARGET_NAME)";
				SWIFT_EMIT_LOC_STRINGS = NO;
				SWIFT_VERSION = 5.0;
				TARGETED_DEVICE_FAMILY = "1,2";
				TEST_TARGET_NAME = "BanqueMisr-TMDB";
			};
			name = Release;
		};
/* End XCBuildConfiguration section */

/* Begin XCConfigurationList section */
		923B59142BB12E9C00537676 /* Build configuration list for PBXProject "BanqueMisr-TMDB" */ = {
			isa = XCConfigurationList;
			buildConfigurations = (
				923B59412BB12EA000537676 /* Debug */,
				923B59422BB12EA000537676 /* Release */,
			);
			defaultConfigurationIsVisible = 0;
			defaultConfigurationName = Release;
		};
		923B59432BB12EA000537676 /* Build configuration list for PBXNativeTarget "BanqueMisr-TMDB" */ = {
			isa = XCConfigurationList;
			buildConfigurations = (
				923B59442BB12EA000537676 /* Debug */,
				923B59452BB12EA000537676 /* Release */,
			);
			defaultConfigurationIsVisible = 0;
			defaultConfigurationName = Release;
		};
		923B59462BB12EA000537676 /* Build configuration list for PBXNativeTarget "BanqueMisr-TMDBTests" */ = {
			isa = XCConfigurationList;
			buildConfigurations = (
				923B59472BB12EA000537676 /* Debug */,
				923B59482BB12EA000537676 /* Release */,
			);
			defaultConfigurationIsVisible = 0;
			defaultConfigurationName = Release;
		};
		923B59492BB12EA000537676 /* Build configuration list for PBXNativeTarget "BanqueMisr-TMDBUITests" */ = {
			isa = XCConfigurationList;
			buildConfigurations = (
				923B594A2BB12EA000537676 /* Debug */,
				923B594B2BB12EA000537676 /* Release */,
			);
			defaultConfigurationIsVisible = 0;
			defaultConfigurationName = Release;
		};
/* End XCConfigurationList section */
	};
	rootObject = 923B59112BB12E9C00537676 /* Project object */;
}
